PODS:
  - liquid-swipe (0.8.0):
    - pop (~> 1.0)
  - pop (1.0.12)

DEPENDENCIES:
  - liquid-swipe (from `../`)

SPEC REPOS:
  trunk:
    - pop

EXTERNAL SOURCES:
  liquid-swipe:
    :path: "../"

SPEC CHECKSUMS:
  liquid-swipe: 5ada6ae6bc99a5d454f431676beb23c568f97be9
  pop: d582054913807fd11fd50bfe6a539d91c7e1a55a

PODFILE CHECKSUM: 039b9d496345279e4da8b27066e8e89e9a0af700

COCOAPODS: 1.10.1
